{
  "name": "lighter",
  "version": "1.0.0",
  "lockfileVersion": 3,
  "requires": true,
  "packages": {
    "": {
      "name": "lighter",
      "version": "1.0.0",
      "license": "ISC",
      "dependencies": {
        "idb": "^8.0.3"
      },
      "devDependencies": {
        "fake-indexeddb": "^6.0.1"
      },
      "engines": {
        "node": ">=20"
      }
    },
    "node_modules/fake-indexeddb": {
      "version": "6.0.1",
      "resolved": "https://registry.npmjs.org/fake-indexeddb/-/fake-indexeddb-6.0.1.tgz",
      "integrity": "sha512-He2AjQGHe46svIFq5+L2Nx/eHDTI1oKgoevBP+TthnjymXiKkeJQ3+ITeWey99Y5+2OaPFbI1qEsx/5RsGtWnQ==",
      "dev": true,
      "license": "Apache-2.0",
      "engines": {
        "node": ">=18"
      }
    },
    "node_modules/idb": {
      "version": "8.0.3",
      "resolved": "https://registry.npmjs.org/idb/-/idb-8.0.3.tgz",
      "integrity": "sha512-LtwtVyVYO5BqRvcsKuB2iUMnHwPVByPCXFXOpuU96IZPPoPN6xjOGxZQ74pgSVVLQWtUOYgyeL4GE98BY5D3wg==",
      "license": "ISC"
    }
  }
}
